
Microsoft Visual Studio Solution File, Format Version 12.00
# Visual Studio 15
VisualStudioVersion = 15.0.28307.2092
MinimumVisualStudioVersion = 10.0.40219.1
Project("{FAE04EC0-301F-11D3-BF4B-00C04F79EFBC}") = "ExperimentWithControls", "Experiment With Controls\ExperimentWithControls.csproj", "{BAA0B2BB-1C42-4533-BECD-EA3C3CD27DF4}"
EndProject
Global
	GlobalSection(SolutionConfigurationPlatforms) = preSolution
		Debug|Any CPU = Debug|Any CPU
		Release|Any CPU = Release|Any CPU
	EndGlobalSection
	GlobalSection(ProjectConfigurationPlatforms) = postSolution
		{BAA0B2BB-1C42-4533-BECD-EA3C3CD27DF4}.Debug|Any CPU.ActiveCfg = Debug|Any CPU
		{BAA0B2BB-1C42-4533-BECD-EA3C3CD27DF4}.Debug|Any CPU.Build.0 = Debug|Any CPU
		{BAA0B2BB-1C42-4533-BECD-EA3C3CD27DF4}.Release|Any CPU.ActiveCfg = Release|Any CPU
		{BAA0B2BB-1C42-4533-BECD-EA3C3CD27DF4}.Release|Any CPU.Build.0 = Release|Any CPU
	EndGlobalSection
	GlobalSection(SolutionProperties) = preSolution
		HideSolutionNode = FALSE
	EndGlobalSection
	GlobalSection(ExtensibilityGlobals) = postSolution
		SolutionGuid = {315E37CB-6B69-46FD-8D50-4B3B97978FFB}
	EndGlobalSection
EndGlobal
